
Microsoft Visual Studio Solution File, Format Version 12.00
# Visual Studio 15
VisualStudioVersion = 15.0.27428.2043
MinimumVisualStudioVersion = 10.0.40219.1
Project("{8BC9CEB8-8B4A-11D0-8D11-00A0C91BC942}") = "InfoBuraco", "InfoBuraco\InfoBuraco.vcxproj", "{7374D859-7E66-4E07-9891-B2D8E1C84287}"
EndProject
Global
	GlobalSection(SolutionConfigurationPlatforms) = preSolution
		Debug|x64 = Debug|x64
		Debug|x86 = Debug|x86
		Release|x64 = Release|x64
		Release|x86 = Release|x86
	EndGlobalSection
	GlobalSection(ProjectConfigurationPlatforms) = postSolution
		{7374D859-7E66-4E07-9891-B2D8E1C84287}.Debug|x64.ActiveCfg = Debug|x64
		{7374D859-7E66-4E07-9891-B2D8E1C84287}.Debug|x64.Build.0 = Debug|x64
		{7374D859-7E66-4E07-9891-B2D8E1C84287}.Debug|x86.ActiveCfg = Debug|Win32
		{7374D859-7E66-4E07-9891-B2D8E1C84287}.Debug|x86.Build.0 = Debug|Win32
		{7374D859-7E66-4E07-9891-B2D8E1C84287}.Release|x64.ActiveCfg = Release|x64
		{7374D859-7E66-4E07-9891-B2D8E1C84287}.Release|x64.Build.0 = Release|x64
		{7374D859-7E66-4E07-9891-B2D8E1C84287}.Release|x86.ActiveCfg = Release|Win32
		{7374D859-7E66-4E07-9891-B2D8E1C84287}.Release|x86.Build.0 = Release|Win32
	EndGlobalSection
	GlobalSection(SolutionProperties) = preSolution
		HideSolutionNode = FALSE
	EndGlobalSection
	GlobalSection(ExtensibilityGlobals) = postSolution
		SolutionGuid = {ECF690CC-9319-4A2E-AC29-25F3B0AEF1A5}
	EndGlobalSection
EndGlobal
